{
  "name": "nextufoundationsolucion",
  "version": "1.0.0",
  "lockfileVersion": 1,
  "requires": true,
  "dependencies": {
    "cssom": {
      "version": "0.2.5",
      "resolved": "https://registry.npmjs.org/cssom/-/cssom-0.2.5.tgz",
      "integrity": "sha1-JoJwm1kC5yEt9SkRb/eIzVslSJQ="
    },
    "debug": {
      "version": "4.0.1",
      "resolved": "https://registry.npmjs.org/debug/-/debug-4.0.1.tgz",
      "integrity": "sha512-K23FHJ/Mt404FSlp6gSZCevIbTMLX0j3fmHhUEhQ3Wq0FMODW3+cUSoLdy1Gx4polAf4t/lphhmHH35BB8cLYw==",
      "requires": {
        "ms": "^2.1.1"
      }
    },
    "foundation": {
      "version": "4.2.1-1",
      "resolved": "https://registry.npmjs.org/foundation/-/foundation-4.2.1-1.tgz",
      "integrity": "sha1-Tkl+LZc3UzM0seaDVM2N0DnLxHs=",
      "requires": {
        "stylus": "~0.32.1",
        "stylus-type-utils": "~0.0.3"
      }
    },
    "jquery": {
      "version": "3.5.0",
      "resolved": "https://registry.npmjs.org/jquery/-/jquery-3.5.0.tgz",
      "integrity": "sha512-Xb7SVYMvygPxbFMpTFQiHh1J7HClEaThguL15N/Gg37Lri/qKyhRGZYzHRyLH8Stq3Aow0LsHO2O2ci86fCrNQ=="
    },
    "mkdirp": {
      "version": "0.3.5",
      "resolved": "http://registry.npmjs.org/mkdirp/-/mkdirp-0.3.5.tgz",
      "integrity": "sha1-3j5fiWHIjHh+4TaN+EmsRBPsqNc="
    },
    "ms": {
      "version": "2.1.1",
      "resolved": "https://registry.npmjs.org/ms/-/ms-2.1.1.tgz",
      "integrity": "sha512-tgp+dl5cGk28utYktBsrFqA7HKgrhgPsg6Z/EfhWI4gl1Hwq8B/GmY/0oXZ6nF8hDVesS/FpnYaD/kOWhYQvyg=="
    },
    "stylus": {
      "version": "0.32.1",
      "resolved": "https://registry.npmjs.org/stylus/-/stylus-0.32.1.tgz",
      "integrity": "sha1-PSgnW9nxgQhfjdD6UqhVlpaXghI=",
      "requires": {
        "cssom": "0.2.x",
        "debug": "*",
        "mkdirp": "0.3.x"
      }
    },
    "stylus-type-utils": {
      "version": "0.0.3",
      "resolved": "https://registry.npmjs.org/stylus-type-utils/-/stylus-type-utils-0.0.3.tgz",
      "integrity": "sha1-8EgzRyi7UUTs1ZnGJ1U9tk6gprs="
    },
    "what-input": {
      "version": "5.1.2",
      "resolved": "https://registry.npmjs.org/what-input/-/what-input-5.1.2.tgz",
      "integrity": "sha512-heakW2Fi+dlbRGzTqM4H0dsH5WQGX56fFs3Rcp09tQS4CPLDkn1HMzf1z7Fc9+ZrwAaMP0QBGQIA8FBuMNrFeQ=="
    }
  }
}
